// !$*UTF8*$!
{
	archiveVersion = 1;
	classes = {
	};
	objectVersion = 51;
	objects = {

/* Begin PBXBuildFile section */
		DA18798D24ACBEB60020E8A6 /* AppDelegate.swift in Sources */ = {isa = PBXBuildFile; fileRef = DA18798C24ACBEB60020E8A6 /* AppDelegate.swift */; };
		DA18799124ACBEB70020E8A6 /* Assets.xcassets in Resources */ = {isa = PBXBuildFile; fileRef = DA18799024ACBEB70020E8A6 /* Assets.xcassets */; };
		DA18799424ACBEB70020E8A6 /* Main.storyboard in Resources */ = {isa = PBXBuildFile; fileRef = DA18799224ACBEB70020E8A6 /* Main.storyboard */; };
		DA18799D24ACC7F40020E8A6 /* FunctionList.swift in Sources */ = {isa = PBXBuildFile; fileRef = DA18799C24ACC7F40020E8A6 /* FunctionList.swift */; };
		DA1879A124ACCB1C0020E8A6 /* LoginViewController.swift in Sources */ = {isa = PBXBuildFile; fileRef = DA1879A024ACCB1C0020E8A6 /* LoginViewController.swift */; };
		DA187A0C24AD12F10020E8A6 /* LoginWindowController.swift in Sources */ = {isa = PBXBuildFile; fileRef = DA187A0B24AD12F10020E8A6 /* LoginWindowController.swift */; };
		DA187A1024AD1A510020E8A6 /* MainWindowController.swift in Sources */ = {isa = PBXBuildFile; fileRef = DA187A0F24AD1A510020E8A6 /* MainWindowController.swift */; };
		DA24F0FE24B740A900F51508 /* CrawVolcabularyViewController.swift in Sources */ = {isa = PBXBuildFile; fileRef = DA24F0FD24B740A900F51508 /* CrawVolcabularyViewController.swift */; };
		DA24F10024B9765C00F51508 /* SCtoTC.swift in Sources */ = {isa = PBXBuildFile; fileRef = DA24F0FF24B9765C00F51508 /* SCtoTC.swift */; };
		DA7802B224AE49E6001D7B44 /* OutlineDataSource.swift in Sources */ = {isa = PBXBuildFile; fileRef = DA7802B124AE49E6001D7B44 /* OutlineDataSource.swift */; };
		DA7802B424AE4A09001D7B44 /* OutlineDelegate.swift in Sources */ = {isa = PBXBuildFile; fileRef = DA7802B324AE4A09001D7B44 /* OutlineDelegate.swift */; };
		DA7802B624AE4A20001D7B44 /* OutlineItemView.swift in Sources */ = {isa = PBXBuildFile; fileRef = DA7802B524AE4A20001D7B44 /* OutlineItemView.swift */; };
		DA7802B824AE4A38001D7B44 /* TextFieldDelegate.swift in Sources */ = {isa = PBXBuildFile; fileRef = DA7802B724AE4A38001D7B44 /* TextFieldDelegate.swift */; };
		DA7802BA24AE4A46001D7B44 /* TestData.swift in Sources */ = {isa = PBXBuildFile; fileRef = DA7802B924AE4A46001D7B44 /* TestData.swift */; };
		DA7802CC24AF691E001D7B44 /* FunctionsViewController.swift in Sources */ = {isa = PBXBuildFile; fileRef = DA7802CB24AF691E001D7B44 /* FunctionsViewController.swift */; };
		DAA20E9824B078060007885F /* AddVolcabularyErrorViewController.swift in Sources */ = {isa = PBXBuildFile; fileRef = DAA20E9724B078060007885F /* AddVolcabularyErrorViewController.swift */; };
		DAA20E9B24B094810007885F /* MenuAddVolcabularyViewController.swift in Sources */ = {isa = PBXBuildFile; fileRef = DAA20E9924B094810007885F /* MenuAddVolcabularyViewController.swift */; };
		DABB146F24BC207C00FFCB38 /* addVolcabularyViewController.swift in Sources */ = {isa = PBXBuildFile; fileRef = DABB146E24BC207C00FFCB38 /* addVolcabularyViewController.swift */; };
		DABE851124C9C1810091D865 /* learnViewController.swift in Sources */ = {isa = PBXBuildFile; fileRef = DABE851024C9C1810091D865 /* learnViewController.swift */; };
		DABE851424C9C5390091D865 /* WebKit.framework in Frameworks */ = {isa = PBXBuildFile; fileRef = DABE851324C9C5390091D865 /* WebKit.framework */; };
		DABE851A24CD4D790091D865 /* LoginErrorViewController.swift in Sources */ = {isa = PBXBuildFile; fileRef = DABE851824CD4D790091D865 /* LoginErrorViewController.swift */; };
		DAC1C28A24C9BB810035A3F8 /* Pods_Volcabulary.framework in Frameworks */ = {isa = PBXBuildFile; fileRef = 7E4888C135B4A253E90BC5CF /* Pods_Volcabulary.framework */; };
/* End PBXBuildFile section */

/* Begin PBXFileReference section */
		4FBF01937701DC940837D4CD /* Pods-Volcabulary.release.xcconfig */ = {isa = PBXFileReference; includeInIndex = 1; lastKnownFileType = text.xcconfig; name = "Pods-Volcabulary.release.xcconfig"; path = "Target Support Files/Pods-Volcabulary/Pods-Volcabulary.release.xcconfig"; sourceTree = "<group>"; };
		7E4888C135B4A253E90BC5CF /* Pods_Volcabulary.framework */ = {isa = PBXFileReference; explicitFileType = wrapper.framework; includeInIndex = 0; path = Pods_Volcabulary.framework; sourceTree = BUILT_PRODUCTS_DIR; };
		A685E84D3E7E3532D2A4EB27 /* Pods-Volcabulary.debug.xcconfig */ = {isa = PBXFileReference; includeInIndex = 1; lastKnownFileType = text.xcconfig; name = "Pods-Volcabulary.debug.xcconfig"; path = "Target Support Files/Pods-Volcabulary/Pods-Volcabulary.debug.xcconfig"; sourceTree = "<group>"; };
		DA18798924ACBEB60020E8A6 /* Volcabulary.app */ = {isa = PBXFileReference; explicitFileType = wrapper.application; includeInIndex = 0; path = Volcabulary.app; sourceTree = BUILT_PRODUCTS_DIR; };
		DA18798C24ACBEB60020E8A6 /* AppDelegate.swift */ = {isa = PBXFileReference; lastKnownFileType = sourcecode.swift; path = AppDelegate.swift; sourceTree = "<group>"; };
		DA18799024ACBEB70020E8A6 /* Assets.xcassets */ = {isa = PBXFileReference; lastKnownFileType = folder.assetcatalog; path = Assets.xcassets; sourceTree = "<group>"; };
		DA18799324ACBEB70020E8A6 /* Base */ = {isa = PBXFileReference; lastKnownFileType = file.storyboard; name = Base; path = Base.lproj/Main.storyboard; sourceTree = "<group>"; };
		DA18799524ACBEB70020E8A6 /* Info.plist */ = {isa = PBXFileReference; lastKnownFileType = text.plist.xml; path = Info.plist; sourceTree = "<group>"; };
		DA18799624ACBEB70020E8A6 /* zettaigoukaku.entitlements */ = {isa = PBXFileReference; lastKnownFileType = text.plist.entitlements; path = zettaigoukaku.entitlements; sourceTree = "<group>"; };
		DA18799C24ACC7F40020E8A6 /* FunctionList.swift */ = {isa = PBXFileReference; lastKnownFileType = sourcecode.swift; path = FunctionList.swift; sourceTree = "<group>"; };
		DA1879A024ACCB1C0020E8A6 /* LoginViewController.swift */ = {isa = PBXFileReference; fileEncoding = 4; lastKnownFileType = sourcecode.swift; path = LoginViewController.swift; sourceTree = "<group>"; };
		DA187A0B24AD12F10020E8A6 /* LoginWindowController.swift */ = {isa = PBXFileReference; lastKnownFileType = sourcecode.swift; path = LoginWindowController.swift; sourceTree = "<group>"; };
		DA187A0F24AD1A510020E8A6 /* MainWindowController.swift */ = {isa = PBXFileReference; lastKnownFileType = sourcecode.swift; path = MainWindowController.swift; sourceTree = "<group>"; };
		DA24F0FD24B740A900F51508 /* CrawVolcabularyViewController.swift */ = {isa = PBXFileReference; lastKnownFileType = sourcecode.swift; path = CrawVolcabularyViewController.swift; sourceTree = "<group>"; };
		DA24F0FF24B9765C00F51508 /* SCtoTC.swift */ = {isa = PBXFileReference; lastKnownFileType = sourcecode.swift; path = SCtoTC.swift; sourceTree = "<group>"; };
		DA7802B124AE49E6001D7B44 /* OutlineDataSource.swift */ = {isa = PBXFileReference; lastKnownFileType = sourcecode.swift; path = OutlineDataSource.swift; sourceTree = "<group>"; };
		DA7802B324AE4A09001D7B44 /* OutlineDelegate.swift */ = {isa = PBXFileReference; lastKnownFileType = sourcecode.swift; path = OutlineDelegate.swift; sourceTree = "<group>"; };
		DA7802B524AE4A20001D7B44 /* OutlineItemView.swift */ = {isa = PBXFileReference; lastKnownFileType = sourcecode.swift; path = OutlineItemView.swift; sourceTree = "<group>"; };
		DA7802B724AE4A38001D7B44 /* TextFieldDelegate.swift */ = {isa = PBXFileReference; lastKnownFileType = sourcecode.swift; path = TextFieldDelegate.swift; sourceTree = "<group>"; };
		DA7802B924AE4A46001D7B44 /* TestData.swift */ = {isa = PBXFileReference; lastKnownFileType = sourcecode.swift; path = TestData.swift; sourceTree = "<group>"; };
		DA7802CB24AF691E001D7B44 /* FunctionsViewController.swift */ = {isa = PBXFileReference; fileEncoding = 4; lastKnownFileType = sourcecode.swift; path = FunctionsViewController.swift; sourceTree = "<group>"; };
		DAA20E9724B078060007885F /* AddVolcabularyErrorViewController.swift */ = {isa = PBXFileReference; lastKnownFileType = sourcecode.swift; path = AddVolcabularyErrorViewController.swift; sourceTree = "<group>"; };
		DAA20E9924B094810007885F /* MenuAddVolcabularyViewController.swift */ = {isa = PBXFileReference; lastKnownFileType = sourcecode.swift; path = MenuAddVolcabularyViewController.swift; sourceTree = "<group>"; };
		DABB146E24BC207C00FFCB38 /* addVolcabularyViewController.swift */ = {isa = PBXFileReference; lastKnownFileType = sourcecode.swift; path = addVolcabularyViewController.swift; sourceTree = "<group>"; };
		DABE851024C9C1810091D865 /* learnViewController.swift */ = {isa = PBXFileReference; lastKnownFileType = sourcecode.swift; path = learnViewController.swift; sourceTree = "<group>"; };
		DABE851324C9C5390091D865 /* WebKit.framework */ = {isa = PBXFileReference; lastKnownFileType = wrapper.framework; name = WebKit.framework; path = System/Library/Frameworks/WebKit.framework; sourceTree = SDKROOT; };
		DABE851824CD4D790091D865 /* LoginErrorViewController.swift */ = {isa = PBXFileReference; lastKnownFileType = sourcecode.swift; path = LoginErrorViewController.swift; sourceTree = "<group>"; };
/* End PBXFileReference section */

/* Begin PBXFrameworksBuildPhase section */
		DA18798624ACBEB60020E8A6 /* Frameworks */ = {
			isa = PBXFrameworksBuildPhase;
			buildActionMask = 2147483647;
			files = (
				DABE851424C9C5390091D865 /* WebKit.framework in Frameworks */,
				DAC1C28A24C9BB810035A3F8 /* Pods_Volcabulary.framework in Frameworks */,
			);
			runOnlyForDeploymentPostprocessing = 0;
		};
/* End PBXFrameworksBuildPhase section */

/* Begin PBXGroup section */
		DA18798024ACBEB60020E8A6 = {
			isa = PBXGroup;
			children = (
				DA18798B24ACBEB60020E8A6 /* Volcabulary */,
				DA18798A24ACBEB60020E8A6 /* Products */,
				E48755CE8803D657F2B48FFF /* Pods */,
				ED64F407FB6B266CB7EB82B9 /* Frameworks */,
			);
			sourceTree = "<group>";
		};
		DA18798A24ACBEB60020E8A6 /* Products */ = {
			isa = PBXGroup;
			children = (
				DA18798924ACBEB60020E8A6 /* Volcabulary.app */,
			);
			name = Products;
			sourceTree = "<group>";
		};
		DA18798B24ACBEB60020E8A6 /* Volcabulary */ = {
			isa = PBXGroup;
			children = (
				DA18798C24ACBEB60020E8A6 /* AppDelegate.swift */,
				DA1879A024ACCB1C0020E8A6 /* LoginViewController.swift */,
				DA18799C24ACC7F40020E8A6 /* FunctionList.swift */,
				DA7802CB24AF691E001D7B44 /* FunctionsViewController.swift */,
				DA24F0FF24B9765C00F51508 /* SCtoTC.swift */,
				DA18799024ACBEB70020E8A6 /* Assets.xcassets */,
				DA18799224ACBEB70020E8A6 /* Main.storyboard */,
				DAA20E9424AF9F1A0007885F /* Volcabulary list */,
				DAC1C28724C727F10035A3F8 /* Add Volcabulary */,
				DABE851224C9C18E0091D865 /* Learn */,
				DA18799524ACBEB70020E8A6 /* Info.plist */,
				DA18799624ACBEB70020E8A6 /* zettaigoukaku.entitlements */,
				DA7802BB24AF193D001D7B44 /* WindowsController */,
				DA7802BD24AF1983001D7B44 /* FunctionListOutlineView */,
			);
			path = Volcabulary;
			sourceTree = "<group>";
		};
		DA7802BB24AF193D001D7B44 /* WindowsController */ = {
			isa = PBXGroup;
			children = (
				DA187A0B24AD12F10020E8A6 /* LoginWindowController.swift */,
				DA187A0F24AD1A510020E8A6 /* MainWindowController.swift */,
				DABE851824CD4D790091D865 /* LoginErrorViewController.swift */,
			);
			name = WindowsController;
			sourceTree = "<group>";
		};
		DA7802BD24AF1983001D7B44 /* FunctionListOutlineView */ = {
			isa = PBXGroup;
			children = (
				DA7802B124AE49E6001D7B44 /* OutlineDataSource.swift */,
				DA7802B324AE4A09001D7B44 /* OutlineDelegate.swift */,
				DA7802B524AE4A20001D7B44 /* OutlineItemView.swift */,
				DA7802B724AE4A38001D7B44 /* TextFieldDelegate.swift */,
				DA7802B924AE4A46001D7B44 /* TestData.swift */,
			);
			name = FunctionListOutlineView;
			sourceTree = "<group>";
		};
		DAA20E9424AF9F1A0007885F /* Volcabulary list */ = {
			isa = PBXGroup;
			children = (
				DAA20E9924B094810007885F /* MenuAddVolcabularyViewController.swift */,
				DAA20E9724B078060007885F /* AddVolcabularyErrorViewController.swift */,
			);
			name = "Volcabulary list";
			sourceTree = "<group>";
		};
		DABE851224C9C18E0091D865 /* Learn */ = {
			isa = PBXGroup;
			children = (
				DABE851024C9C1810091D865 /* learnViewController.swift */,
			);
			name = Learn;
			sourceTree = "<group>";
		};
		DAC1C28724C727F10035A3F8 /* Add Volcabulary */ = {
			isa = PBXGroup;
			children = (
				DABB146E24BC207C00FFCB38 /* addVolcabularyViewController.swift */,
				DA24F0FD24B740A900F51508 /* CrawVolcabularyViewController.swift */,
			);
			name = "Add Volcabulary";
			sourceTree = "<group>";
		};
		E48755CE8803D657F2B48FFF /* Pods */ = {
			isa = PBXGroup;
			children = (
				A685E84D3E7E3532D2A4EB27 /* Pods-Volcabulary.debug.xcconfig */,
				4FBF01937701DC940837D4CD /* Pods-Volcabulary.release.xcconfig */,
			);
			path = Pods;
			sourceTree = "<group>";
		};
		ED64F407FB6B266CB7EB82B9 /* Frameworks */ = {
			isa = PBXGroup;
			children = (
				DABE851324C9C5390091D865 /* WebKit.framework */,
				7E4888C135B4A253E90BC5CF /* Pods_Volcabulary.framework */,
			);
			name = Frameworks;
			sourceTree = "<group>";
		};
/* End PBXGroup section */

/* Begin PBXNativeTarget section */
		DA18798824ACBEB60020E8A6 /* Volcabulary */ = {
			isa = PBXNativeTarget;
			buildConfigurationList = DA18799924ACBEB70020E8A6 /* Build configuration list for PBXNativeTarget "Volcabulary" */;
			buildPhases = (
				ECF86FFCD0168940B878D020 /* [CP] Check Pods Manifest.lock */,
				DA18798524ACBEB60020E8A6 /* Sources */,
				DA18798624ACBEB60020E8A6 /* Frameworks */,
				DA18798724ACBEB60020E8A6 /* Resources */,
				937BD64BA947AF4DF76C1F91 /* [CP] Embed Pods Frameworks */,
			);
			buildRules = (
			);
			dependencies = (
			);
			name = Volcabulary;
			productName = Volcabulary;
			productReference = DA18798924ACBEB60020E8A6 /* Volcabulary.app */;
			productType = "com.apple.product-type.application";
		};
/* End PBXNativeTarget section */

/* Begin PBXProject section */
		DA18798124ACBEB60020E8A6 /* Project object */ = {
			isa = PBXProject;
			attributes = {
				LastSwiftUpdateCheck = 1150;
				LastUpgradeCheck = 1150;
				ORGANIZATIONNAME = Toby;
				TargetAttributes = {
					DA18798824ACBEB60020E8A6 = {
						CreatedOnToolsVersion = 11.5;
						LastSwiftMigration = 1150;
					};
				};
			};
			buildConfigurationList = DA18798424ACBEB60020E8A6 /* Build configuration list for PBXProject "Volcabulary" */;
			compatibilityVersion = "Xcode 9.3";
			developmentRegion = en;
			hasScannedForEncodings = 0;
			knownRegions = (
				en,
				Base,
			);
			mainGroup = DA18798024ACBEB60020E8A6;
			productRefGroup = DA18798A24ACBEB60020E8A6 /* Products */;
			projectDirPath = "";
			projectRoot = "";
			targets = (
				DA18798824ACBEB60020E8A6 /* Volcabulary */,
			);
		};
/* End PBXProject section */

/* Begin PBXResourcesBuildPhase section */
		DA18798724ACBEB60020E8A6 /* Resources */ = {
			isa = PBXResourcesBuildPhase;
			buildActionMask = 2147483647;
			files = (
				DA18799124ACBEB70020E8A6 /* Assets.xcassets in Resources */,
				DA18799424ACBEB70020E8A6 /* Main.storyboard in Resources */,
			);
			runOnlyForDeploymentPostprocessing = 0;
		};
/* End PBXResourcesBuildPhase section */

/* Begin PBXShellScriptBuildPhase section */
		937BD64BA947AF4DF76C1F91 /* [CP] Embed Pods Frameworks */ = {
			isa = PBXShellScriptBuildPhase;
			buildActionMask = 2147483647;
			files = (
			);
			inputFileListPaths = (
				"${PODS_ROOT}/Target Support Files/Pods-Volcabulary/Pods-Volcabulary-frameworks-${CONFIGURATION}-input-files.xcfilelist",
			);
			name = "[CP] Embed Pods Frameworks";
			outputFileListPaths = (
				"${PODS_ROOT}/Target Support Files/Pods-Volcabulary/Pods-Volcabulary-frameworks-${CONFIGURATION}-output-files.xcfilelist",
			);
			runOnlyForDeploymentPostprocessing = 0;
			shellPath = /bin/sh;
			shellScript = "\"${PODS_ROOT}/Target Support Files/Pods-Volcabulary/Pods-Volcabulary-frameworks.sh\"\n";
			showEnvVarsInLog = 0;
		};
		ECF86FFCD0168940B878D020 /* [CP] Check Pods Manifest.lock */ = {
			isa = PBXShellScriptBuildPhase;
			buildActionMask = 2147483647;
			files = (
			);
			inputFileListPaths = (
			);
			inputPaths = (
				"${PODS_PODFILE_DIR_PATH}/Podfile.lock",
				"${PODS_ROOT}/Manifest.lock",
			);
			name = "[CP] Check Pods Manifest.lock";
			outputFileListPaths = (
			);
			outputPaths = (
				"$(DERIVED_FILE_DIR)/Pods-Volcabulary-checkManifestLockResult.txt",
			);
			runOnlyForDeploymentPostprocessing = 0;
			shellPath = /bin/sh;
			shellScript = "diff \"${PODS_PODFILE_DIR_PATH}/Podfile.lock\" \"${PODS_ROOT}/Manifest.lock\" > /dev/null\nif [ $? != 0 ] ; then\n    # print error to STDERR\n    echo \"error: The sandbox is not in sync with the Podfile.lock. Run 'pod install' or update your CocoaPods installation.\" >&2\n    exit 1\nfi\n# This output is used by Xcode 'outputs' to avoid re-running this script phase.\necho \"SUCCESS\" > \"${SCRIPT_OUTPUT_FILE_0}\"\n";
			showEnvVarsInLog = 0;
		};
/* End PBXShellScriptBuildPhase section */

/* Begin PBXSourcesBuildPhase section */
		DA18798524ACBEB60020E8A6 /* Sources */ = {
			isa = PBXSourcesBuildPhase;
			buildActionMask = 2147483647;
			files = (
				DA187A0C24AD12F10020E8A6 /* LoginWindowController.swift in Sources */,
				DA1879A124ACCB1C0020E8A6 /* LoginViewController.swift in Sources */,
				DA7802BA24AE4A46001D7B44 /* TestData.swift in Sources */,
				DA7802B424AE4A09001D7B44 /* OutlineDelegate.swift in Sources */,
				DA7802B824AE4A38001D7B44 /* TextFieldDelegate.swift in Sources */,
				DAA20E9824B078060007885F /* AddVolcabularyErrorViewController.swift in Sources */,
				DA24F0FE24B740A900F51508 /* CrawVolcabularyViewController.swift in Sources */,
				DA7802CC24AF691E001D7B44 /* FunctionsViewController.swift in Sources */,
				DA24F10024B9765C00F51508 /* SCtoTC.swift in Sources */,
				DA18799D24ACC7F40020E8A6 /* FunctionList.swift in Sources */,
				DA18798D24ACBEB60020E8A6 /* AppDelegate.swift in Sources */,
				DABB146F24BC207C00FFCB38 /* addVolcabularyViewController.swift in Sources */,
				DABE851124C9C1810091D865 /* learnViewController.swift in Sources */,
				DA7802B624AE4A20001D7B44 /* OutlineItemView.swift in Sources */,
				DA7802B224AE49E6001D7B44 /* OutlineDataSource.swift in Sources */,
				DA187A1024AD1A510020E8A6 /* MainWindowController.swift in Sources */,
				DAA20E9B24B094810007885F /* MenuAddVolcabularyViewController.swift in Sources */,
				DABE851A24CD4D790091D865 /* LoginErrorViewController.swift in Sources */,
			);
			runOnlyForDeploymentPostprocessing = 0;
		};
/* End PBXSourcesBuildPhase section */

/* Begin PBXVariantGroup section */
		DA18799224ACBEB70020E8A6 /* Main.storyboard */ = {
			isa = PBXVariantGroup;
			children = (
				DA18799324ACBEB70020E8A6 /* Base */,
			);
			name = Main.storyboard;
			sourceTree = "<group>";
		};
/* End PBXVariantGroup section */

/* Begin XCBuildConfiguration section */
		DA18799724ACBEB70020E8A6 /* Debug */ = {
			isa = XCBuildConfiguration;
			buildSettings = {
				ALWAYS_SEARCH_USER_PATHS = NO;
				CLANG_ANALYZER_NONNULL = YES;
				CLANG_ANALYZER_NUMBER_OBJECT_CONVERSION = YES_AGGRESSIVE;
				CLANG_CXX_LANGUAGE_STANDARD = "gnu++14";
				CLANG_CXX_LIBRARY = "libc++";
				CLANG_ENABLE_MODULES = YES;
				CLANG_ENABLE_OBJC_ARC = YES;
				CLANG_ENABLE_OBJC_WEAK = YES;
				CLANG_WARN_BLOCK_CAPTURE_AUTORELEASING = YES;
				CLANG_WARN_BOOL_CONVERSION = YES;
				CLANG_WARN_COMMA = YES;
				CLANG_WARN_CONSTANT_CONVERSION = YES;
				CLANG_WARN_DEPRECATED_OBJC_IMPLEMENTATIONS = YES;
				CLANG_WARN_DIRECT_OBJC_ISA_USAGE = YES_ERROR;
				CLANG_WARN_DOCUMENTATION_COMMENTS = YES;
				CLANG_WARN_EMPTY_BODY = YES;
				CLANG_WARN_ENUM_CONVERSION = YES;
				CLANG_WARN_INFINITE_RECURSION = YES;
				CLANG_WARN_INT_CONVERSION = YES;
				CLANG_WARN_NON_LITERAL_NULL_CONVERSION = YES;
				CLANG_WARN_OBJC_IMPLICIT_RETAIN_SELF = YES;
				CLANG_WARN_OBJC_LITERAL_CONVERSION = YES;
				CLANG_WARN_OBJC_ROOT_CLASS = YES_ERROR;
				CLANG_WARN_RANGE_LOOP_ANALYSIS = YES;
				CLANG_WARN_STRICT_PROTOTYPES = YES;
				CLANG_WARN_SUSPICIOUS_MOVE = YES;
				CLANG_WARN_UNGUARDED_AVAILABILITY = YES_AGGRESSIVE;
				CLANG_WARN_UNREACHABLE_CODE = YES;
				CLANG_WARN__DUPLICATE_METHOD_MATCH = YES;
				COPY_PHASE_STRIP = NO;
				DEBUG_INFORMATION_FORMAT = dwarf;
				ENABLE_STRICT_OBJC_MSGSEND = YES;
				ENABLE_TESTABILITY = YES;
				GCC_C_LANGUAGE_STANDARD = gnu11;
				GCC_DYNAMIC_NO_PIC = NO;
				GCC_NO_COMMON_BLOCKS = YES;
				GCC_OPTIMIZATION_LEVEL = 0;
				GCC_PREPROCESSOR_DEFINITIONS = (
					"DEBUG=1",
					"$(inherited)",
				);
				GCC_WARN_64_TO_32_BIT_CONVERSION = YES;
				GCC_WARN_ABOUT_RETURN_TYPE = YES_ERROR;
				GCC_WARN_UNDECLARED_SELECTOR = YES;
				GCC_WARN_UNINITIALIZED_AUTOS = YES_AGGRESSIVE;
				GCC_WARN_UNUSED_FUNCTION = YES;
				GCC_WARN_UNUSED_VARIABLE = YES;
				MACOSX_DEPLOYMENT_TARGET = 10.15;
				MTL_ENABLE_DEBUG_INFO = INCLUDE_SOURCE;
				MTL_FAST_MATH = YES;
				ONLY_ACTIVE_ARCH = YES;
				SDKROOT = macosx;
				SWIFT_ACTIVE_COMPILATION_CONDITIONS = DEBUG;
				SWIFT_OPTIMIZATION_LEVEL = "-Onone";
			};
			name = Debug;
		};
		DA18799824ACBEB70020E8A6 /* Release */ = {
			isa = XCBuildConfiguration;
			buildSettings = {
				ALWAYS_SEARCH_USER_PATHS = NO;
				CLANG_ANALYZER_NONNULL = YES;
				CLANG_ANALYZER_NUMBER_OBJECT_CONVERSION = YES_AGGRESSIVE;
				CLANG_CXX_LANGUAGE_STANDARD = "gnu++14";
				CLANG_CXX_LIBRARY = "libc++";
				CLANG_ENABLE_MODULES = YES;
				CLANG_ENABLE_OBJC_ARC = YES;
				CLANG_ENABLE_OBJC_WEAK = YES;
				CLANG_WARN_BLOCK_CAPTURE_AUTORELEASING = YES;
				CLANG_WARN_BOOL_CONVERSION = YES;
				CLANG_WARN_COMMA = YES;
				CLANG_WARN_CONSTANT_CONVERSION = YES;
				CLANG_WARN_DEPRECATED_OBJC_IMPLEMENTATIONS = YES;
				CLANG_WARN_DIRECT_OBJC_ISA_USAGE = YES_ERROR;
				CLANG_WARN_DOCUMENTATION_COMMENTS = YES;
				CLANG_WARN_EMPTY_BODY = YES;
				CLANG_WARN_ENUM_CONVERSION = YES;
				CLANG_WARN_INFINITE_RECURSION = YES;
				CLANG_WARN_INT_CONVERSION = YES;
				CLANG_WARN_NON_LITERAL_NULL_CONVERSION = YES;
				CLANG_WARN_OBJC_IMPLICIT_RETAIN_SELF = YES;
				CLANG_WARN_OBJC_LITERAL_CONVERSION = YES;
				CLANG_WARN_OBJC_ROOT_CLASS = YES_ERROR;
				CLANG_WARN_RANGE_LOOP_ANALYSIS = YES;
				CLANG_WARN_STRICT_PROTOTYPES = YES;
				CLANG_WARN_SUSPICIOUS_MOVE = YES;
				CLANG_WARN_UNGUARDED_AVAILABILITY = YES_AGGRESSIVE;
				CLANG_WARN_UNREACHABLE_CODE = YES;
				CLANG_WARN__DUPLICATE_METHOD_MATCH = YES;
				COPY_PHASE_STRIP = NO;
				DEBUG_INFORMATION_FORMAT = "dwarf-with-dsym";
				ENABLE_NS_ASSERTIONS = NO;
				ENABLE_STRICT_OBJC_MSGSEND = YES;
				GCC_C_LANGUAGE_STANDARD = gnu11;
				GCC_NO_COMMON_BLOCKS = YES;
				GCC_WARN_64_TO_32_BIT_CONVERSION = YES;
				GCC_WARN_ABOUT_RETURN_TYPE = YES_ERROR;
				GCC_WARN_UNDECLARED_SELECTOR = YES;
				GCC_WARN_UNINITIALIZED_AUTOS = YES_AGGRESSIVE;
				GCC_WARN_UNUSED_FUNCTION = YES;
				GCC_WARN_UNUSED_VARIABLE = YES;
				MACOSX_DEPLOYMENT_TARGET = 10.15;
				MTL_ENABLE_DEBUG_INFO = NO;
				MTL_FAST_MATH = YES;
				SDKROOT = macosx;
				SWIFT_COMPILATION_MODE = wholemodule;
				SWIFT_OPTIMIZATION_LEVEL = "-O";
			};
			name = Release;
		};
		DA18799A24ACBEB70020E8A6 /* Debug */ = {
			isa = XCBuildConfiguration;
			baseConfigurationReference = A685E84D3E7E3532D2A4EB27 /* Pods-Volcabulary.debug.xcconfig */;
			buildSettings = {
				ASSETCATALOG_COMPILER_APPICON_NAME = AppIcon;
				CLANG_ENABLE_MODULES = YES;
				CODE_SIGN_ENTITLEMENTS = Volcabulary/zettaigoukaku.entitlements;
				CODE_SIGN_IDENTITY = "-";
				CODE_SIGN_STYLE = Automatic;
				COMBINE_HIDPI_IMAGES = YES;
				DEVELOPMENT_TEAM = "";
				ENABLE_HARDENED_RUNTIME = YES;
				INFOPLIST_FILE = Volcabulary/Info.plist;
				LD_RUNPATH_SEARCH_PATHS = (
					"$(inherited)",
					"@executable_path/../Frameworks",
				);
				MACOSX_DEPLOYMENT_TARGET = 10.13;
				MARKETING_VERSION = "0.4-alpha";
				PRODUCT_BUNDLE_IDENTIFIER = Toby.zettaigoukaku;
				PRODUCT_NAME = "$(TARGET_NAME)";
				SWIFT_INSTALL_OBJC_HEADER = NO;
				SWIFT_OBJC_BRIDGING_HEADER = "";
				SWIFT_OPTIMIZATION_LEVEL = "-Onone";
				SWIFT_VERSION = 5.0;
			};
			name = Debug;
		};
		DA18799B24ACBEB70020E8A6 /* Release */ = {
			isa = XCBuildConfiguration;
			baseConfigurationReference = 4FBF01937701DC940837D4CD /* Pods-Volcabulary.release.xcconfig */;
			buildSettings = {
				ASSETCATALOG_COMPILER_APPICON_NAME = AppIcon;
				CLANG_ENABLE_MODULES = YES;
				CODE_SIGN_ENTITLEMENTS = Volcabulary/zettaigoukaku.entitlements;
				CODE_SIGN_IDENTITY = "-";
				CODE_SIGN_STYLE = Automatic;
				COMBINE_HIDPI_IMAGES = YES;
				DEVELOPMENT_TEAM = "";
				ENABLE_HARDENED_RUNTIME = YES;
				INFOPLIST_FILE = Volcabulary/Info.plist;
				LD_RUNPATH_SEARCH_PATHS = (
					"$(inherited)",
					"@executable_path/../Frameworks",
				);
				MACOSX_DEPLOYMENT_TARGET = 10.13;
				MARKETING_VERSION = "0.4-alpha";
				PRODUCT_BUNDLE_IDENTIFIER = Toby.zettaigoukaku;
				PRODUCT_NAME = "$(TARGET_NAME)";
				SWIFT_INSTALL_OBJC_HEADER = NO;
				SWIFT_OBJC_BRIDGING_HEADER = "";
				SWIFT_VERSION = 5.0;
			};
			name = Release;
		};
/* End XCBuildConfiguration section */

/* Begin XCConfigurationList section */
		DA18798424ACBEB60020E8A6 /* Build configuration list for PBXProject "Volcabulary" */ = {
			isa = XCConfigurationList;
			buildConfigurations = (
				DA18799724ACBEB70020E8A6 /* Debug */,
				DA18799824ACBEB70020E8A6 /* Release */,
			);
			defaultConfigurationIsVisible = 0;
			defaultConfigurationName = Release;
		};
		DA18799924ACBEB70020E8A6 /* Build configuration list for PBXNativeTarget "Volcabulary" */ = {
			isa = XCConfigurationList;
			buildConfigurations = (
				DA18799A24ACBEB70020E8A6 /* Debug */,
				DA18799B24ACBEB70020E8A6 /* Release */,
			);
			defaultConfigurationIsVisible = 0;
			defaultConfigurationName = Release;
		};
/* End XCConfigurationList section */
	};
	rootObject = DA18798124ACBEB60020E8A6 /* Project object */;
}
